
Microsoft Visual Studio Solution File, Format Version 12.00
# Visual Studio Version 17
VisualStudioVersion = 17.14.36511.14 d17.14
MinimumVisualStudioVersion = 10.0.40219.1
Project("{FAE04EC0-301F-11D3-BF4B-00C04F79EFBC}") = "GPUSpecServer", "GPUSpecServer\GPUSpecServer.csproj", "{D6D3E9DC-1229-41E1-9A95-5E2CF6D26FB7}"
EndProject
Global
	GlobalSection(SolutionConfigurationPlatforms) = preSolution
		Debug|Any CPU = Debug|Any CPU
		Release|Any CPU = Release|Any CPU
	EndGlobalSection
	GlobalSection(ProjectConfigurationPlatforms) = postSolution
		{D6D3E9DC-1229-41E1-9A95-5E2CF6D26FB7}.Debug|Any CPU.ActiveCfg = Debug|Any CPU
		{D6D3E9DC-1229-41E1-9A95-5E2CF6D26FB7}.Debug|Any CPU.Build.0 = Debug|Any CPU
		{D6D3E9DC-1229-41E1-9A95-5E2CF6D26FB7}.Release|Any CPU.ActiveCfg = Release|Any CPU
		{D6D3E9DC-1229-41E1-9A95-5E2CF6D26FB7}.Release|Any CPU.Build.0 = Release|Any CPU
	EndGlobalSection
	GlobalSection(SolutionProperties) = preSolution
		HideSolutionNode = FALSE
	EndGlobalSection
	GlobalSection(ExtensibilityGlobals) = postSolution
		SolutionGuid = {DB11CD93-39AD-43C7-B068-84B7C18CAF9A}
	EndGlobalSection
EndGlobal
